
Microsoft Visual Studio Solution File, Format Version 12.00
# Visual Studio Version 17
VisualStudioVersion = 17.7.34009.444
MinimumVisualStudioVersion = 10.0.40219.1
Project("{FAE04EC0-301F-11D3-BF4B-00C04F79EFBC}") = "Weather Forecast", "Weather Forecast.csproj", "{C60394E4-9B0B-4B6A-A967-53423623CFF0}"
EndProject
Global
	GlobalSection(SolutionConfigurationPlatforms) = preSolution
		Debug|Any CPU = Debug|Any CPU
		Release|Any CPU = Release|Any CPU
	EndGlobalSection
	GlobalSection(ProjectConfigurationPlatforms) = postSolution
		{C60394E4-9B0B-4B6A-A967-53423623CFF0}.Debug|Any CPU.ActiveCfg = Debug|Any CPU
		{C60394E4-9B0B-4B6A-A967-53423623CFF0}.Debug|Any CPU.Build.0 = Debug|Any CPU
		{C60394E4-9B0B-4B6A-A967-53423623CFF0}.Release|Any CPU.ActiveCfg = Release|Any CPU
		{C60394E4-9B0B-4B6A-A967-53423623CFF0}.Release|Any CPU.Build.0 = Release|Any CPU
	EndGlobalSection
	GlobalSection(SolutionProperties) = preSolution
		HideSolutionNode = FALSE
	EndGlobalSection
	GlobalSection(ExtensibilityGlobals) = postSolution
		SolutionGuid = {301E6C83-81F7-4021-94A2-05946897CC21}
	EndGlobalSection
EndGlobal
